
Microsoft Visual Studio Solution File, Format Version 12.00
# Visual Studio Version 17
VisualStudioVersion = 17.7.34202.233
MinimumVisualStudioVersion = 10.0.40219.1
Project("{FAE04EC0-301F-11D3-BF4B-00C04F79EFBC}") = "WPF_RON", "WPF_RON\WPF_RON.csproj", "{6825E8F4-4B4C-48B4-9E0C-F01C2DE8AB1D}"
EndProject
Global
	GlobalSection(SolutionConfigurationPlatforms) = preSolution
		Debug|Any CPU = Debug|Any CPU
		Release|Any CPU = Release|Any CPU
	EndGlobalSection
	GlobalSection(ProjectConfigurationPlatforms) = postSolution
		{6825E8F4-4B4C-48B4-9E0C-F01C2DE8AB1D}.Debug|Any CPU.ActiveCfg = Debug|Any CPU
		{6825E8F4-4B4C-48B4-9E0C-F01C2DE8AB1D}.Debug|Any CPU.Build.0 = Debug|Any CPU
		{6825E8F4-4B4C-48B4-9E0C-F01C2DE8AB1D}.Release|Any CPU.ActiveCfg = Release|Any CPU
		{6825E8F4-4B4C-48B4-9E0C-F01C2DE8AB1D}.Release|Any CPU.Build.0 = Release|Any CPU
	EndGlobalSection
	GlobalSection(SolutionProperties) = preSolution
		HideSolutionNode = FALSE
	EndGlobalSection
	GlobalSection(ExtensibilityGlobals) = postSolution
		SolutionGuid = {2B279C64-B220-4657-847F-1F1CF4802F2E}
	EndGlobalSection
EndGlobal
